
Microsoft Visual Studio Solution File, Format Version 11.00
# Visual Studio 2010
Project("{FAE04EC0-301F-11D3-BF4B-00C04F79EFBC}") = "AsthmaTracker", "AsthmaTracker\AsthmaTracker.csproj", "{B79901F9-26E9-4ADD-A447-0D60BBBDAED7}"
EndProject
Project("{FAE04EC0-301F-11D3-BF4B-00C04F79EFBC}") = "AsthmaTrackerWeb", "AsthmaTrackerWeb\AsthmaTrackerWeb.csproj", "{9BAFF934-D06F-4122-9E4C-4859EB010B99}"
EndProject
Global
	GlobalSection(SolutionConfigurationPlatforms) = preSolution
		Debug|Any CPU = Debug|Any CPU
		Release|Any CPU = Release|Any CPU
	EndGlobalSection
	GlobalSection(ProjectConfigurationPlatforms) = postSolution
		{B79901F9-26E9-4ADD-A447-0D60BBBDAED7}.Debug|Any CPU.ActiveCfg = Debug|Any CPU
		{B79901F9-26E9-4ADD-A447-0D60BBBDAED7}.Debug|Any CPU.Build.0 = Debug|Any CPU
		{B79901F9-26E9-4ADD-A447-0D60BBBDAED7}.Debug|Any CPU.Deploy.0 = Debug|Any CPU
		{B79901F9-26E9-4ADD-A447-0D60BBBDAED7}.Release|Any CPU.ActiveCfg = Release|Any CPU
		{B79901F9-26E9-4ADD-A447-0D60BBBDAED7}.Release|Any CPU.Build.0 = Release|Any CPU
		{B79901F9-26E9-4ADD-A447-0D60BBBDAED7}.Release|Any CPU.Deploy.0 = Release|Any CPU
		{9BAFF934-D06F-4122-9E4C-4859EB010B99}.Debug|Any CPU.ActiveCfg = Debug|Any CPU
		{9BAFF934-D06F-4122-9E4C-4859EB010B99}.Debug|Any CPU.Build.0 = Debug|Any CPU
		{9BAFF934-D06F-4122-9E4C-4859EB010B99}.Release|Any CPU.ActiveCfg = Release|Any CPU
		{9BAFF934-D06F-4122-9E4C-4859EB010B99}.Release|Any CPU.Build.0 = Release|Any CPU
	EndGlobalSection
	GlobalSection(SolutionProperties) = preSolution
		HideSolutionNode = FALSE
	EndGlobalSection
EndGlobal
